# This file is automatically @generated by Cargo.
# It is not intended for manual editing.
version = 4

[[package]]
name = "interlocking-controller"
version = "0.1.0"
dependencies = [
 "rasta-core",
 "rasta-platform",
]

[[package]]
name = "ping-pong-node"
version = "0.1.0"
dependencies = [
 "rasta-core",
 "rasta-platform",
]

[[package]]
name = "rasta-core"
version = "0.1.0"

[[package]]
name = "rasta-node"
version = "0.1.0"
dependencies = [
 "rasta-core",
 "rasta-platform",
]

[[package]]
name = "rasta-platform"
version = "0.1.0"
dependencies = [
 "rasta-core",
]

[[package]]
name = "signal-controller"
version = "0.1.0"
dependencies = [
 "rasta-core",
 "rasta-platform",
]
